{
  "name": "@pixnbits/isolated-vm-scratchpad",
  "version": "1.0.0",
  "lockfileVersion": 2,
  "requires": true,
  "packages": {
    "": {
      "name": "scratchpad",
      "version": "1.0.0",
      "license": "ISC",
      "dependencies": {
        "isolated-vm": "^4.5.0"
      }
    },
    "node_modules/isolated-vm": {
      "version": "4.5.0",
      "resolved": "https://registry.npmjs.org/isolated-vm/-/isolated-vm-4.5.0.tgz",
      "integrity": "sha512-Kse0m5t+B9wZQVeTDqzPoX1SIFNTNfyaUxhnCuFgpXL1+5GYJ9GUAN3mpD+ainixGmUXgeYaVBX+QPDjEBBu0w==",
      "hasInstallScript": true,
      "engines": {
        "node": ">=10.4.0"
      }
    }
  },
  "dependencies": {
    "isolated-vm": {
      "version": "4.5.0",
      "resolved": "https://registry.npmjs.org/isolated-vm/-/isolated-vm-4.5.0.tgz",
      "integrity": "sha512-Kse0m5t+B9wZQVeTDqzPoX1SIFNTNfyaUxhnCuFgpXL1+5GYJ9GUAN3mpD+ainixGmUXgeYaVBX+QPDjEBBu0w=="
    }
  }
}
